// !$*UTF8*$!
{
	archiveVersion = 1;
	classes = {
	};
	objectVersion = 55;
	objects = {

/* Begin PBXBuildFile section */
		636ED65A28B5206900606B45 /* AppDelegate.swift in Sources */ = {isa = PBXBuildFile; fileRef = 636ED65928B5206900606B45 /* AppDelegate.swift */; };
		636ED65C28B5206900606B45 /* SceneDelegate.swift in Sources */ = {isa = PBXBuildFile; fileRef = 636ED65B28B5206900606B45 /* SceneDelegate.swift */; };
		636ED65E28B5206900606B45 /* ViewController.swift in Sources */ = {isa = PBXBuildFile; fileRef = 636ED65D28B5206900606B45 /* ViewController.swift */; };
		636ED66128B5206900606B45 /* Main.storyboard in Resources */ = {isa = PBXBuildFile; fileRef = 636ED65F28B5206900606B45 /* Main.storyboard */; };
		636ED66328B5206A00606B45 /* Assets.xcassets in Resources */ = {isa = PBXBuildFile; fileRef = 636ED66228B5206A00606B45 /* Assets.xcassets */; };
		636ED66628B5206A00606B45 /* LaunchScreen.storyboard in Resources */ = {isa = PBXBuildFile; fileRef = 636ED66428B5206A00606B45 /* LaunchScreen.storyboard */; };
		636ED66E28B5241D00606B45 /* Common.swift in Sources */ = {isa = PBXBuildFile; fileRef = 636ED66D28B5241D00606B45 /* Common.swift */; };
		636ED67128B5CC6900606B45 /* SummaryTableViewCell.swift in Sources */ = {isa = PBXBuildFile; fileRef = 636ED67028B5CC6900606B45 /* SummaryTableViewCell.swift */; };
		636ED67328B5CC8F00606B45 /* ForecastTableViewCell.swift in Sources */ = {isa = PBXBuildFile; fileRef = 636ED67228B5CC8F00606B45 /* ForecastTableViewCell.swift */; };
		636ED67928B5F5E500606B45 /* ApiError.swift in Sources */ = {isa = PBXBuildFile; fileRef = 636ED67828B5F5E500606B45 /* ApiError.swift */; };
		636ED67B28B5F76600606B45 /* CurrentWeather.swift in Sources */ = {isa = PBXBuildFile; fileRef = 636ED67A28B5F76600606B45 /* CurrentWeather.swift */; };
		636ED67D28B5F79F00606B45 /* Forecast.swift in Sources */ = {isa = PBXBuildFile; fileRef = 636ED67C28B5F79F00606B45 /* Forecast.swift */; };
		636ED68028B5F7FA00606B45 /* WeatherDataSource.swift in Sources */ = {isa = PBXBuildFile; fileRef = 636ED67F28B5F7FA00606B45 /* WeatherDataSource.swift */; };
		636ED68328B606A400606B45 /* Double+Formatter.swift in Sources */ = {isa = PBXBuildFile; fileRef = 636ED68228B606A400606B45 /* Double+Formatter.swift */; };
		636ED68528B6104400606B45 /* Datew+Formatter.swift in Sources */ = {isa = PBXBuildFile; fileRef = 636ED68428B6104400606B45 /* Datew+Formatter.swift */; };
		636ED68828B6189F00606B45 /* LocationManager.swift in Sources */ = {isa = PBXBuildFile; fileRef = 636ED68728B6189F00606B45 /* LocationManager.swift */; };
/* End PBXBuildFile section */

/* Begin PBXFileReference section */
		636ED65628B5206900606B45 /* Forecast.app */ = {isa = PBXFileReference; explicitFileType = wrapper.application; includeInIndex = 0; path = Forecast.app; sourceTree = BUILT_PRODUCTS_DIR; };
		636ED65928B5206900606B45 /* AppDelegate.swift */ = {isa = PBXFileReference; lastKnownFileType = sourcecode.swift; path = AppDelegate.swift; sourceTree = "<group>"; };
		636ED65B28B5206900606B45 /* SceneDelegate.swift */ = {isa = PBXFileReference; lastKnownFileType = sourcecode.swift; path = SceneDelegate.swift; sourceTree = "<group>"; };
		636ED65D28B5206900606B45 /* ViewController.swift */ = {isa = PBXFileReference; lastKnownFileType = sourcecode.swift; path = ViewController.swift; sourceTree = "<group>"; };
		636ED66028B5206900606B45 /* Base */ = {isa = PBXFileReference; lastKnownFileType = file.storyboard; name = Base; path = Base.lproj/Main.storyboard; sourceTree = "<group>"; };
		636ED66228B5206A00606B45 /* Assets.xcassets */ = {isa = PBXFileReference; lastKnownFileType = folder.assetcatalog; path = Assets.xcassets; sourceTree = "<group>"; };
		636ED66528B5206A00606B45 /* Base */ = {isa = PBXFileReference; lastKnownFileType = file.storyboard; name = Base; path = Base.lproj/LaunchScreen.storyboard; sourceTree = "<group>"; };
		636ED66728B5206A00606B45 /* Info.plist */ = {isa = PBXFileReference; lastKnownFileType = text.plist.xml; path = Info.plist; sourceTree = "<group>"; };
		636ED66D28B5241D00606B45 /* Common.swift */ = {isa = PBXFileReference; lastKnownFileType = sourcecode.swift; path = Common.swift; sourceTree = "<group>"; };
		636ED67028B5CC6900606B45 /* SummaryTableViewCell.swift */ = {isa = PBXFileReference; lastKnownFileType = sourcecode.swift; path = SummaryTableViewCell.swift; sourceTree = "<group>"; };
		636ED67228B5CC8F00606B45 /* ForecastTableViewCell.swift */ = {isa = PBXFileReference; lastKnownFileType = sourcecode.swift; path = ForecastTableViewCell.swift; sourceTree = "<group>"; };
		636ED67528B5D33800606B45 /* CurrentWeatherApi.playground */ = {isa = PBXFileReference; lastKnownFileType = file.playground; path = CurrentWeatherApi.playground; sourceTree = "<group>"; xcLanguageSpecificationIdentifier = xcode.lang.swift; };
		636ED67628B5F13200606B45 /* ForecastApi.playground */ = {isa = PBXFileReference; lastKnownFileType = file.playground; path = ForecastApi.playground; sourceTree = "<group>"; xcLanguageSpecificationIdentifier = xcode.lang.swift; };
		636ED67828B5F5E500606B45 /* ApiError.swift */ = {isa = PBXFileReference; lastKnownFileType = sourcecode.swift; path = ApiError.swift; sourceTree = "<group>"; };
		636ED67A28B5F76600606B45 /* CurrentWeather.swift */ = {isa = PBXFileReference; lastKnownFileType = sourcecode.swift; path = CurrentWeather.swift; sourceTree = "<group>"; };
		636ED67C28B5F79F00606B45 /* Forecast.swift */ = {isa = PBXFileReference; lastKnownFileType = sourcecode.swift; path = Forecast.swift; sourceTree = "<group>"; };
		636ED67F28B5F7FA00606B45 /* WeatherDataSource.swift */ = {isa = PBXFileReference; lastKnownFileType = sourcecode.swift; path = WeatherDataSource.swift; sourceTree = "<group>"; };
		636ED68228B606A400606B45 /* Double+Formatter.swift */ = {isa = PBXFileReference; lastKnownFileType = sourcecode.swift; path = "Double+Formatter.swift"; sourceTree = "<group>"; };
		636ED68428B6104400606B45 /* Datew+Formatter.swift */ = {isa = PBXFileReference; lastKnownFileType = sourcecode.swift; path = "Datew+Formatter.swift"; sourceTree = "<group>"; };
		636ED68728B6189F00606B45 /* LocationManager.swift */ = {isa = PBXFileReference; lastKnownFileType = sourcecode.swift; path = LocationManager.swift; sourceTree = "<group>"; };
/* End PBXFileReference section */

/* Begin PBXFrameworksBuildPhase section */
		636ED65328B5206900606B45 /* Frameworks */ = {
			isa = PBXFrameworksBuildPhase;
			buildActionMask = 2147483647;
			files = (
			);
			runOnlyForDeploymentPostprocessing = 0;
		};
/* End PBXFrameworksBuildPhase section */

/* Begin PBXGroup section */
		636ED64D28B5206900606B45 = {
			isa = PBXGroup;
			children = (
				636ED65828B5206900606B45 /* Forecast */,
				636ED65728B5206900606B45 /* Products */,
			);
			sourceTree = "<group>";
		};
		636ED65728B5206900606B45 /* Products */ = {
			isa = PBXGroup;
			children = (
				636ED65628B5206900606B45 /* Forecast.app */,
			);
			name = Products;
			sourceTree = "<group>";
		};
		636ED65828B5206900606B45 /* Forecast */ = {
			isa = PBXGroup;
			children = (
				636ED68628B6186C00606B45 /* Location */,
				636ED68128B6067900606B45 /* Formatter */,
				636ED67E28B5F7E000606B45 /* Data */,
				636ED67728B5F5BE00606B45 /* Model */,
				636ED67428B5D30200606B45 /* Api */,
				636ED66F28B5CC1200606B45 /* Cell */,
				636ED65928B5206900606B45 /* AppDelegate.swift */,
				636ED65B28B5206900606B45 /* SceneDelegate.swift */,
				636ED65D28B5206900606B45 /* ViewController.swift */,
				636ED65F28B5206900606B45 /* Main.storyboard */,
				636ED66228B5206A00606B45 /* Assets.xcassets */,
				636ED66428B5206A00606B45 /* LaunchScreen.storyboard */,
				636ED66728B5206A00606B45 /* Info.plist */,
				636ED66D28B5241D00606B45 /* Common.swift */,
			);
			path = Forecast;
			sourceTree = "<group>";
		};
		636ED66F28B5CC1200606B45 /* Cell */ = {
			isa = PBXGroup;
			children = (
				636ED67028B5CC6900606B45 /* SummaryTableViewCell.swift */,
				636ED67228B5CC8F00606B45 /* ForecastTableViewCell.swift */,
			);
			path = Cell;
			sourceTree = "<group>";
		};
		636ED67428B5D30200606B45 /* Api */ = {
			isa = PBXGroup;
			children = (
				636ED67528B5D33800606B45 /* CurrentWeatherApi.playground */,
				636ED67628B5F13200606B45 /* ForecastApi.playground */,
			);
			path = Api;
			sourceTree = "<group>";
		};
		636ED67728B5F5BE00606B45 /* Model */ = {
			isa = PBXGroup;
			children = (
				636ED67828B5F5E500606B45 /* ApiError.swift */,
				636ED67A28B5F76600606B45 /* CurrentWeather.swift */,
				636ED67C28B5F79F00606B45 /* Forecast.swift */,
			);
			path = Model;
			sourceTree = "<group>";
		};
		636ED67E28B5F7E000606B45 /* Data */ = {
			isa = PBXGroup;
			children = (
				636ED67F28B5F7FA00606B45 /* WeatherDataSource.swift */,
			);
			path = Data;
			sourceTree = "<group>";
		};
		636ED68128B6067900606B45 /* Formatter */ = {
			isa = PBXGroup;
			children = (
				636ED68228B606A400606B45 /* Double+Formatter.swift */,
				636ED68428B6104400606B45 /* Datew+Formatter.swift */,
			);
			path = Formatter;
			sourceTree = "<group>";
		};
		636ED68628B6186C00606B45 /* Location */ = {
			isa = PBXGroup;
			children = (
				636ED68728B6189F00606B45 /* LocationManager.swift */,
			);
			path = Location;
			sourceTree = "<group>";
		};
/* End PBXGroup section */

/* Begin PBXNativeTarget section */
		636ED65528B5206900606B45 /* Forecast */ = {
			isa = PBXNativeTarget;
			buildConfigurationList = 636ED66A28B5206A00606B45 /* Build configuration list for PBXNativeTarget "Forecast" */;
			buildPhases = (
				636ED65228B5206900606B45 /* Sources */,
				636ED65328B5206900606B45 /* Frameworks */,
				636ED65428B5206900606B45 /* Resources */,
			);
			buildRules = (
			);
			dependencies = (
			);
			name = Forecast;
			productName = Forecast;
			productReference = 636ED65628B5206900606B45 /* Forecast.app */;
			productType = "com.apple.product-type.application";
		};
/* End PBXNativeTarget section */

/* Begin PBXProject section */
		636ED64E28B5206900606B45 /* Project object */ = {
			isa = PBXProject;
			attributes = {
				BuildIndependentTargetsInParallel = 1;
				LastSwiftUpdateCheck = 1340;
				LastUpgradeCheck = 1340;
				TargetAttributes = {
					636ED65528B5206900606B45 = {
						CreatedOnToolsVersion = 13.4;
					};
				};
			};
			buildConfigurationList = 636ED65128B5206900606B45 /* Build configuration list for PBXProject "Forecast" */;
			compatibilityVersion = "Xcode 13.0";
			developmentRegion = en;
			hasScannedForEncodings = 0;
			knownRegions = (
				en,
				Base,
			);
			mainGroup = 636ED64D28B5206900606B45;
			productRefGroup = 636ED65728B5206900606B45 /* Products */;
			projectDirPath = "";
			projectRoot = "";
			targets = (
				636ED65528B5206900606B45 /* Forecast */,
			);
		};
/* End PBXProject section */

/* Begin PBXResourcesBuildPhase section */
		636ED65428B5206900606B45 /* Resources */ = {
			isa = PBXResourcesBuildPhase;
			buildActionMask = 2147483647;
			files = (
				636ED66628B5206A00606B45 /* LaunchScreen.storyboard in Resources */,
				636ED66328B5206A00606B45 /* Assets.xcassets in Resources */,
				636ED66128B5206900606B45 /* Main.storyboard in Resources */,
			);
			runOnlyForDeploymentPostprocessing = 0;
		};
/* End PBXResourcesBuildPhase section */

/* Begin PBXSourcesBuildPhase section */
		636ED65228B5206900606B45 /* Sources */ = {
			isa = PBXSourcesBuildPhase;
			buildActionMask = 2147483647;
			files = (
				636ED67928B5F5E500606B45 /* ApiError.swift in Sources */,
				636ED67328B5CC8F00606B45 /* ForecastTableViewCell.swift in Sources */,
				636ED67B28B5F76600606B45 /* CurrentWeather.swift in Sources */,
				636ED68328B606A400606B45 /* Double+Formatter.swift in Sources */,
				636ED68528B6104400606B45 /* Datew+Formatter.swift in Sources */,
				636ED66E28B5241D00606B45 /* Common.swift in Sources */,
				636ED67D28B5F79F00606B45 /* Forecast.swift in Sources */,
				636ED65E28B5206900606B45 /* ViewController.swift in Sources */,
				636ED65A28B5206900606B45 /* AppDelegate.swift in Sources */,
				636ED68028B5F7FA00606B45 /* WeatherDataSource.swift in Sources */,
				636ED67128B5CC6900606B45 /* SummaryTableViewCell.swift in Sources */,
				636ED65C28B5206900606B45 /* SceneDelegate.swift in Sources */,
				636ED68828B6189F00606B45 /* LocationManager.swift in Sources */,
			);
			runOnlyForDeploymentPostprocessing = 0;
		};
/* End PBXSourcesBuildPhase section */

/* Begin PBXVariantGroup section */
		636ED65F28B5206900606B45 /* Main.storyboard */ = {
			isa = PBXVariantGroup;
			children = (
				636ED66028B5206900606B45 /* Base */,
			);
			name = Main.storyboard;
			sourceTree = "<group>";
		};
		636ED66428B5206A00606B45 /* LaunchScreen.storyboard */ = {
			isa = PBXVariantGroup;
			children = (
				636ED66528B5206A00606B45 /* Base */,
			);
			name = LaunchScreen.storyboard;
			sourceTree = "<group>";
		};
/* End PBXVariantGroup section */

/* Begin XCBuildConfiguration section */
		636ED66828B5206A00606B45 /* Debug */ = {
			isa = XCBuildConfiguration;
			buildSettings = {
				ALWAYS_SEARCH_USER_PATHS = NO;
				CLANG_ANALYZER_NONNULL = YES;
				CLANG_ANALYZER_NUMBER_OBJECT_CONVERSION = YES_AGGRESSIVE;
				CLANG_CXX_LANGUAGE_STANDARD = "gnu++17";
				CLANG_ENABLE_MODULES = YES;
				CLANG_ENABLE_OBJC_ARC = YES;
				CLANG_ENABLE_OBJC_WEAK = YES;
				CLANG_WARN_BLOCK_CAPTURE_AUTORELEASING = YES;
				CLANG_WARN_BOOL_CONVERSION = YES;
				CLANG_WARN_COMMA = YES;
				CLANG_WARN_CONSTANT_CONVERSION = YES;
				CLANG_WARN_DEPRECATED_OBJC_IMPLEMENTATIONS = YES;
				CLANG_WARN_DIRECT_OBJC_ISA_USAGE = YES_ERROR;
				CLANG_WARN_DOCUMENTATION_COMMENTS = YES;
				CLANG_WARN_EMPTY_BODY = YES;
				CLANG_WARN_ENUM_CONVERSION = YES;
				CLANG_WARN_INFINITE_RECURSION = YES;
				CLANG_WARN_INT_CONVERSION = YES;
				CLANG_WARN_NON_LITERAL_NULL_CONVERSION = YES;
				CLANG_WARN_OBJC_IMPLICIT_RETAIN_SELF = YES;
				CLANG_WARN_OBJC_LITERAL_CONVERSION = YES;
				CLANG_WARN_OBJC_ROOT_CLASS = YES_ERROR;
				CLANG_WARN_QUOTED_INCLUDE_IN_FRAMEWORK_HEADER = YES;
				CLANG_WARN_RANGE_LOOP_ANALYSIS = YES;
				CLANG_WARN_STRICT_PROTOTYPES = YES;
				CLANG_WARN_SUSPICIOUS_MOVE = YES;
				CLANG_WARN_UNGUARDED_AVAILABILITY = YES_AGGRESSIVE;
				CLANG_WARN_UNREACHABLE_CODE = YES;
				CLANG_WARN__DUPLICATE_METHOD_MATCH = YES;
				COPY_PHASE_STRIP = NO;
				DEBUG_INFORMATION_FORMAT = dwarf;
				ENABLE_STRICT_OBJC_MSGSEND = YES;
				ENABLE_TESTABILITY = YES;
				GCC_C_LANGUAGE_STANDARD = gnu11;
				GCC_DYNAMIC_NO_PIC = NO;
				GCC_NO_COMMON_BLOCKS = YES;
				GCC_OPTIMIZATION_LEVEL = 0;
				GCC_PREPROCESSOR_DEFINITIONS = (
					"DEBUG=1",
					"$(inherited)",
				);
				GCC_WARN_64_TO_32_BIT_CONVERSION = YES;
				GCC_WARN_ABOUT_RETURN_TYPE = YES_ERROR;
				GCC_WARN_UNDECLARED_SELECTOR = YES;
				GCC_WARN_UNINITIALIZED_AUTOS = YES_AGGRESSIVE;
				GCC_WARN_UNUSED_FUNCTION = YES;
				GCC_WARN_UNUSED_VARIABLE = YES;
				IPHONEOS_DEPLOYMENT_TARGET = 15.5;
				MTL_ENABLE_DEBUG_INFO = INCLUDE_SOURCE;
				MTL_FAST_MATH = YES;
				ONLY_ACTIVE_ARCH = YES;
				SDKROOT = iphoneos;
				SWIFT_ACTIVE_COMPILATION_CONDITIONS = DEBUG;
				SWIFT_OPTIMIZATION_LEVEL = "-Onone";
			};
			name = Debug;
		};
		636ED66928B5206A00606B45 /* Release */ = {
			isa = XCBuildConfiguration;
			buildSettings = {
				ALWAYS_SEARCH_USER_PATHS = NO;
				CLANG_ANALYZER_NONNULL = YES;
				CLANG_ANALYZER_NUMBER_OBJECT_CONVERSION = YES_AGGRESSIVE;
				CLANG_CXX_LANGUAGE_STANDARD = "gnu++17";
				CLANG_ENABLE_MODULES = YES;
				CLANG_ENABLE_OBJC_ARC = YES;
				CLANG_ENABLE_OBJC_WEAK = YES;
				CLANG_WARN_BLOCK_CAPTURE_AUTORELEASING = YES;
				CLANG_WARN_BOOL_CONVERSION = YES;
				CLANG_WARN_COMMA = YES;
				CLANG_WARN_CONSTANT_CONVERSION = YES;
				CLANG_WARN_DEPRECATED_OBJC_IMPLEMENTATIONS = YES;
				CLANG_WARN_DIRECT_OBJC_ISA_USAGE = YES_ERROR;
				CLANG_WARN_DOCUMENTATION_COMMENTS = YES;
				CLANG_WARN_EMPTY_BODY = YES;
				CLANG_WARN_ENUM_CONVERSION = YES;
				CLANG_WARN_INFINITE_RECURSION = YES;
				CLANG_WARN_INT_CONVERSION = YES;
				CLANG_WARN_NON_LITERAL_NULL_CONVERSION = YES;
				CLANG_WARN_OBJC_IMPLICIT_RETAIN_SELF = YES;
				CLANG_WARN_OBJC_LITERAL_CONVERSION = YES;
				CLANG_WARN_OBJC_ROOT_CLASS = YES_ERROR;
				CLANG_WARN_QUOTED_INCLUDE_IN_FRAMEWORK_HEADER = YES;
				CLANG_WARN_RANGE_LOOP_ANALYSIS = YES;
				CLANG_WARN_STRICT_PROTOTYPES = YES;
				CLANG_WARN_SUSPICIOUS_MOVE = YES;
				CLANG_WARN_UNGUARDED_AVAILABILITY = YES_AGGRESSIVE;
				CLANG_WARN_UNREACHABLE_CODE = YES;
				CLANG_WARN__DUPLICATE_METHOD_MATCH = YES;
				COPY_PHASE_STRIP = NO;
				DEBUG_INFORMATION_FORMAT = "dwarf-with-dsym";
				ENABLE_NS_ASSERTIONS = NO;
				ENABLE_STRICT_OBJC_MSGSEND = YES;
				GCC_C_LANGUAGE_STANDARD = gnu11;
				GCC_NO_COMMON_BLOCKS = YES;
				GCC_WARN_64_TO_32_BIT_CONVERSION = YES;
				GCC_WARN_ABOUT_RETURN_TYPE = YES_ERROR;
				GCC_WARN_UNDECLARED_SELECTOR = YES;
				GCC_WARN_UNINITIALIZED_AUTOS = YES_AGGRESSIVE;
				GCC_WARN_UNUSED_FUNCTION = YES;
				GCC_WARN_UNUSED_VARIABLE = YES;
				IPHONEOS_DEPLOYMENT_TARGET = 15.5;
				MTL_ENABLE_DEBUG_INFO = NO;
				MTL_FAST_MATH = YES;
				SDKROOT = iphoneos;
				SWIFT_COMPILATION_MODE = wholemodule;
				SWIFT_OPTIMIZATION_LEVEL = "-O";
				VALIDATE_PRODUCT = YES;
			};
			name = Release;
		};
		636ED66B28B5206A00606B45 /* Debug */ = {
			isa = XCBuildConfiguration;
			buildSettings = {
				ASSETCATALOG_COMPILER_APPICON_NAME = AppIcon;
				ASSETCATALOG_COMPILER_GLOBAL_ACCENT_COLOR_NAME = AccentColor;
				CODE_SIGN_STYLE = Automatic;
				CURRENT_PROJECT_VERSION = 1;
				GENERATE_INFOPLIST_FILE = YES;
				INFOPLIST_FILE = Forecast/Info.plist;
				INFOPLIST_KEY_UIApplicationSupportsIndirectInputEvents = YES;
				INFOPLIST_KEY_UILaunchStoryboardName = LaunchScreen;
				INFOPLIST_KEY_UIMainStoryboardFile = Main;
				INFOPLIST_KEY_UISupportedInterfaceOrientations = "UIInterfaceOrientationPortrait UIInterfaceOrientationLandscapeLeft UIInterfaceOrientationLandscapeRight";
				INFOPLIST_KEY_UISupportedInterfaceOrientations_iPad = "UIInterfaceOrientationPortrait UIInterfaceOrientationPortraitUpsideDown UIInterfaceOrientationLandscapeLeft UIInterfaceOrientationLandscapeRight";
				INFOPLIST_KEY_UISupportedInterfaceOrientations_iPhone = "UIInterfaceOrientationPortrait UIInterfaceOrientationLandscapeLeft UIInterfaceOrientationLandscapeRight";
				IPHONEOS_DEPLOYMENT_TARGET = 11.0;
				LD_RUNPATH_SEARCH_PATHS = (
					"$(inherited)",
					"@executable_path/Frameworks",
				);
				MARKETING_VERSION = 1.0;
				PRODUCT_BUNDLE_IDENTIFIER = kr.co.hemg2.Forecast;
				PRODUCT_NAME = "$(TARGET_NAME)";
				SWIFT_EMIT_LOC_STRINGS = YES;
				SWIFT_VERSION = 5.0;
				TARGETED_DEVICE_FAMILY = "1,2";
			};
			name = Debug;
		};
		636ED66C28B5206A00606B45 /* Release */ = {
			isa = XCBuildConfiguration;
			buildSettings = {
				ASSETCATALOG_COMPILER_APPICON_NAME = AppIcon;
				ASSETCATALOG_COMPILER_GLOBAL_ACCENT_COLOR_NAME = AccentColor;
				CODE_SIGN_STYLE = Automatic;
				CURRENT_PROJECT_VERSION = 1;
				GENERATE_INFOPLIST_FILE = YES;
				INFOPLIST_FILE = Forecast/Info.plist;
				INFOPLIST_KEY_UIApplicationSupportsIndirectInputEvents = YES;
				INFOPLIST_KEY_UILaunchStoryboardName = LaunchScreen;
				INFOPLIST_KEY_UIMainStoryboardFile = Main;
				INFOPLIST_KEY_UISupportedInterfaceOrientations = "UIInterfaceOrientationPortrait UIInterfaceOrientationLandscapeLeft UIInterfaceOrientationLandscapeRight";
				INFOPLIST_KEY_UISupportedInterfaceOrientations_iPad = "UIInterfaceOrientationPortrait UIInterfaceOrientationPortraitUpsideDown UIInterfaceOrientationLandscapeLeft UIInterfaceOrientationLandscapeRight";
				INFOPLIST_KEY_UISupportedInterfaceOrientations_iPhone = "UIInterfaceOrientationPortrait UIInterfaceOrientationLandscapeLeft UIInterfaceOrientationLandscapeRight";
				IPHONEOS_DEPLOYMENT_TARGET = 11.0;
				LD_RUNPATH_SEARCH_PATHS = (
					"$(inherited)",
					"@executable_path/Frameworks",
				);
				MARKETING_VERSION = 1.0;
				PRODUCT_BUNDLE_IDENTIFIER = kr.co.hemg2.Forecast;
				PRODUCT_NAME = "$(TARGET_NAME)";
				SWIFT_EMIT_LOC_STRINGS = YES;
				SWIFT_VERSION = 5.0;
				TARGETED_DEVICE_FAMILY = "1,2";
			};
			name = Release;
		};
/* End XCBuildConfiguration section */

/* Begin XCConfigurationList section */
		636ED65128B5206900606B45 /* Build configuration list for PBXProject "Forecast" */ = {
			isa = XCConfigurationList;
			buildConfigurations = (
				636ED66828B5206A00606B45 /* Debug */,
				636ED66928B5206A00606B45 /* Release */,
			);
			defaultConfigurationIsVisible = 0;
			defaultConfigurationName = Release;
		};
		636ED66A28B5206A00606B45 /* Build configuration list for PBXNativeTarget "Forecast" */ = {
			isa = XCConfigurationList;
			buildConfigurations = (
				636ED66B28B5206A00606B45 /* Debug */,
				636ED66C28B5206A00606B45 /* Release */,
			);
			defaultConfigurationIsVisible = 0;
			defaultConfigurationName = Release;
		};
/* End XCConfigurationList section */
	};
	rootObject = 636ED64E28B5206900606B45 /* Project object */;
}
